# This file was autogenerated by Stack.
# You should not edit this file by hand.
# For more information, please see the documentation at:
#   https://docs.haskellstack.org/en/stable/lock_files

packages:
- completed:
    hackage: fused-effects-1.1.2.1@sha256:b3766ca1869a7082ddcced5a95ce60196c05b51fbd3d97aa79acb98de3940079,5261
    pantry-tree:
      sha256: 1cc36756682a29c47db44db16f23b93d52b49bc1f3af82ac42faabfca7866a0b
      size: 6845
  original:
    hackage: fused-effects-1.1.2.1
- completed:
    hackage: fused-effects-optics-0.2.1.0@sha256:4aa5dbff3d6ba8e686fb2d5027e9438c603944c839f95780ce5771c32eedd6f8,1872
    pantry-tree:
      sha256: acfbf2015d12f6387b32c91fe7175db89c1e0b237bd12058ee6bbd41a7acbd56
      size: 364
  original:
    hackage: fused-effects-optics-0.2.1.0
snapshots:
- completed:
    sha256: 126fa33ceb11f5e85ceb4e86d434756bd9a8439e2e5776d306a15fbc63b01e89
    size: 650041
    url: https://raw.githubusercontent.com/commercialhaskell/stackage-snapshots/master/lts/20/20.yaml
  original: lts-20.20
